
Microsoft Visual Studio Solution File, Format Version 12.00
# Visual Studio Version 16
VisualStudioVersion = 16.0.29728.190
MinimumVisualStudioVersion = 10.0.40219.1
Project("{FAE04EC0-301F-11D3-BF4B-00C04F79EFBC}") = "EmployeeManagement", "EmployeeManagement\EmployeeManagement.csproj", "{A04C71CC-6CDA-451A-836F-83E591285B5E}"
EndProject
Global
	GlobalSection(SolutionConfigurationPlatforms) = preSolution
		Debug|Any CPU = Debug|Any CPU
		Release|Any CPU = Release|Any CPU
	EndGlobalSection
	GlobalSection(ProjectConfigurationPlatforms) = postSolution
		{A04C71CC-6CDA-451A-836F-83E591285B5E}.Debug|Any CPU.ActiveCfg = Debug|Any CPU
		{A04C71CC-6CDA-451A-836F-83E591285B5E}.Debug|Any CPU.Build.0 = Debug|Any CPU
		{A04C71CC-6CDA-451A-836F-83E591285B5E}.Release|Any CPU.ActiveCfg = Release|Any CPU
		{A04C71CC-6CDA-451A-836F-83E591285B5E}.Release|Any CPU.Build.0 = Release|Any CPU
	EndGlobalSection
	GlobalSection(SolutionProperties) = preSolution
		HideSolutionNode = FALSE
	EndGlobalSection
	GlobalSection(ExtensibilityGlobals) = postSolution
		SolutionGuid = {66CC2A09-D4DD-450D-B479-0D1A2E047E17}
	EndGlobalSection
EndGlobal
